
Microsoft Visual Studio Solution File, Format Version 12.00
# Visual Studio 15
VisualStudioVersion = 15.0.27703.2026
MinimumVisualStudioVersion = 10.0.40219.1
Project("{9A19103F-16F7-4668-BE54-9A1E7A4F7556}") = "DockerDemo.Api", "DockerDemo.Api\DockerDemo.Api.csproj", "{59BA7EA5-0104-4FC8-A034-BBA4402BDA39}"
EndProject
Project("{9A19103F-16F7-4668-BE54-9A1E7A4F7556}") = "DockerDemo.Web", "DockerDemo.Web\DockerDemo.Web.csproj", "{452ABF19-7E2D-46CF-BFFB-7882B4CBDDA5}"
EndProject
Global
	GlobalSection(SolutionConfigurationPlatforms) = preSolution
		Debug|Any CPU = Debug|Any CPU
		Release|Any CPU = Release|Any CPU
	EndGlobalSection
	GlobalSection(ProjectConfigurationPlatforms) = postSolution
		{59BA7EA5-0104-4FC8-A034-BBA4402BDA39}.Debug|Any CPU.ActiveCfg = Debug|Any CPU
		{59BA7EA5-0104-4FC8-A034-BBA4402BDA39}.Debug|Any CPU.Build.0 = Debug|Any CPU
		{59BA7EA5-0104-4FC8-A034-BBA4402BDA39}.Release|Any CPU.ActiveCfg = Release|Any CPU
		{59BA7EA5-0104-4FC8-A034-BBA4402BDA39}.Release|Any CPU.Build.0 = Release|Any CPU
		{452ABF19-7E2D-46CF-BFFB-7882B4CBDDA5}.Debug|Any CPU.ActiveCfg = Debug|Any CPU
		{452ABF19-7E2D-46CF-BFFB-7882B4CBDDA5}.Debug|Any CPU.Build.0 = Debug|Any CPU
		{452ABF19-7E2D-46CF-BFFB-7882B4CBDDA5}.Release|Any CPU.ActiveCfg = Release|Any CPU
		{452ABF19-7E2D-46CF-BFFB-7882B4CBDDA5}.Release|Any CPU.Build.0 = Release|Any CPU
	EndGlobalSection
	GlobalSection(SolutionProperties) = preSolution
		HideSolutionNode = FALSE
	EndGlobalSection
	GlobalSection(ExtensibilityGlobals) = postSolution
		SolutionGuid = {76737012-BF83-43AF-828D-0F7E4DB4B13D}
	EndGlobalSection
EndGlobal
